PODS:
  - Alamofire (4.9.0)
  - SVProgressHUD (2.2.5)

DEPENDENCIES:
  - Alamofire
  - SVProgressHUD

SPEC REPOS:
  https://github.com/cocoapods/specs.git:
    - Alamofire
    - SVProgressHUD

SPEC CHECKSUMS:
  Alamofire: afc3e7c6db61476cb45cdd23fed06bad03bbc321
  SVProgressHUD: 1428aafac632c1f86f62aa4243ec12008d7a51d6

PODFILE CHECKSUM: b7739e7114b20abc33f45e678d890e5048ae2fad

COCOAPODS: 1.6.1
